
Microsoft Visual Studio Solution File, Format Version 12.00
# Visual Studio Version 16
VisualStudioVersion = 16.0.30523.141
MinimumVisualStudioVersion = 10.0.40219.1
Project("{FAE04EC0-301F-11D3-BF4B-00C04F79EFBC}") = "RaffyVue.BackEnd", "RaffyVue.BackEnd\RaffyVue.BackEnd.csproj", "{0F56EF6D-0017-4764-B5BC-A9D55C0615A8}"
EndProject
Project("{2150E333-8FDC-42A3-9474-1A3956D46DE8}") = "Domain", "Domain", "{1F6F43E6-130F-4BDF-A672-6BF3E932F142}"
EndProject
Project("{FAE04EC0-301F-11D3-BF4B-00C04F79EFBC}") = "RaffyVue.DataModels", "RaffyVue.DataModels\RaffyVue.DataModels.csproj", "{4647CF13-9A18-4903-8EEC-FFE06394C484}"
EndProject
Project("{FAE04EC0-301F-11D3-BF4B-00C04F79EFBC}") = "RaffyVue.Repository", "RaffyVue.Repository\RaffyVue.Repository.csproj", "{487EC382-9C46-402C-B64D-13CFE1D5372C}"
EndProject
Global
	GlobalSection(SolutionConfigurationPlatforms) = preSolution
		Debug|Any CPU = Debug|Any CPU
		Release|Any CPU = Release|Any CPU
	EndGlobalSection
	GlobalSection(ProjectConfigurationPlatforms) = postSolution
		{0F56EF6D-0017-4764-B5BC-A9D55C0615A8}.Debug|Any CPU.ActiveCfg = Debug|Any CPU
		{0F56EF6D-0017-4764-B5BC-A9D55C0615A8}.Debug|Any CPU.Build.0 = Debug|Any CPU
		{0F56EF6D-0017-4764-B5BC-A9D55C0615A8}.Release|Any CPU.ActiveCfg = Release|Any CPU
		{0F56EF6D-0017-4764-B5BC-A9D55C0615A8}.Release|Any CPU.Build.0 = Release|Any CPU
		{4647CF13-9A18-4903-8EEC-FFE06394C484}.Debug|Any CPU.ActiveCfg = Debug|Any CPU
		{4647CF13-9A18-4903-8EEC-FFE06394C484}.Debug|Any CPU.Build.0 = Debug|Any CPU
		{4647CF13-9A18-4903-8EEC-FFE06394C484}.Release|Any CPU.ActiveCfg = Release|Any CPU
		{4647CF13-9A18-4903-8EEC-FFE06394C484}.Release|Any CPU.Build.0 = Release|Any CPU
		{487EC382-9C46-402C-B64D-13CFE1D5372C}.Debug|Any CPU.ActiveCfg = Debug|Any CPU
		{487EC382-9C46-402C-B64D-13CFE1D5372C}.Debug|Any CPU.Build.0 = Debug|Any CPU
		{487EC382-9C46-402C-B64D-13CFE1D5372C}.Release|Any CPU.ActiveCfg = Release|Any CPU
		{487EC382-9C46-402C-B64D-13CFE1D5372C}.Release|Any CPU.Build.0 = Release|Any CPU
	EndGlobalSection
	GlobalSection(SolutionProperties) = preSolution
		HideSolutionNode = FALSE
	EndGlobalSection
	GlobalSection(NestedProjects) = preSolution
		{4647CF13-9A18-4903-8EEC-FFE06394C484} = {1F6F43E6-130F-4BDF-A672-6BF3E932F142}
		{487EC382-9C46-402C-B64D-13CFE1D5372C} = {1F6F43E6-130F-4BDF-A672-6BF3E932F142}
	EndGlobalSection
	GlobalSection(ExtensibilityGlobals) = postSolution
		SolutionGuid = {C3EAC6BB-A28E-4648-9811-74F6DE916201}
	EndGlobalSection
EndGlobal
